{
  "version": 2,
  "dependencies": {
    "net10.0": {
      "Microsoft.SourceLink.GitHub": {
        "type": "Direct",
        "requested": "[11.0.100-preview.5.26302.115, )",
        "resolved": "11.0.100-preview.5.26302.115",
        "contentHash": "oD4VpBXEM+Islr1Gfeiiz6rIJbLZuPzPs2vHE+j9A+KQprjpbFRUSpg4RmYXvVQ5ZsfqPWb6Xcwf+8Zv1swq0g==",
        "dependencies": {
          "Microsoft.Build.Tasks.Git": "11.0.100-preview.5.26302.115",
          "Microsoft.SourceLink.Common": "11.0.100-preview.5.26302.115",
          "System.IO.Hashing": "11.0.0-preview.5.26302.115"
        }
      },
      "System.CommandLine": {
        "type": "Direct",
        "requested": "[3.0.0-preview.3.26207.106, )",
        "resolved": "3.0.0-preview.3.26207.106",
        "contentHash": "aBNsgxiczbvpi/5ThKaht8Kmk0e6i/9wjcrpDaLtDnkyT3ubxb7xYUegpH28BrFgsMqxc9Ngoq9ukJaxbMp2DA=="
      },
      "Microsoft.Build.Tasks.Git": {
        "type": "Transitive",
        "resolved": "11.0.100-preview.5.26302.115",
        "contentHash": "e04vBprPygo5Xh2nvD3AAtNBL2Pi05D70kCbid0zFDmBW+j2qEUlqgR+5g26gaWs7qgzYwO/Mm6CPuVLqNd/nQ==",
        "dependencies": {
          "System.IO.Hashing": "11.0.0-preview.5.26302.115"
        }
      },
      "Microsoft.SourceLink.Common": {
        "type": "Transitive",
        "resolved": "11.0.100-preview.5.26302.115",
        "contentHash": "I3QmzORotC+QwLJnClaf/sXUpA+vDFvzT82HiAe1u3CeEQB5OYA3gRLUHYmAR0cUwzvIuJeIneMxjO9SdhqWzA=="
      },
      "System.IO.Hashing": {
        "type": "Transitive",
        "resolved": "11.0.0-preview.5.26302.115",
        "contentHash": "DExuXdWx2xON5w1Jnt0Sp3/NTBqTFEP3QqfL/iamHTx+vcKcJcffE3ppi0eEL4t94iLqBpF3oDD+jHHOKdZwfg=="
      },
      "agibuild.fulora.core": {
        "type": "Project"
      }
    }
  }
}