{
  "version": 2,
  "dependencies": {
    "net10.0": {
      "Microsoft.Extensions.Logging.Abstractions": {
        "type": "Direct",
        "requested": "[11.0.0-preview.5.26302.115, )",
        "resolved": "11.0.0-preview.5.26302.115",
        "contentHash": "H/U9caalNiFxt4EZOR/FA69CxjHsLjnpQtA7hW2Gisu0iUZci5mh/C6ric1XygcwNOB4eUu2UwyDA6/3IDT1oA==",
        "dependencies": {
          "Microsoft.Extensions.DependencyInjection.Abstractions": "11.0.0-preview.5.26302.115",
          "System.Diagnostics.DiagnosticSource": "11.0.0-preview.5.26302.115"
        }
      },
      "Microsoft.SourceLink.GitHub": {
        "type": "Direct",
        "requested": "[11.0.100-preview.3.26207.106, )",
        "resolved": "11.0.100-preview.3.26207.106",
        "contentHash": "LyKn4JSQMroEkguwffHtnaJcawz7+1dkFKX0ZDnavU1EBegp9WrF/3Zv0s5OHoKQox+j7rbjprNtvwvGZW1Aow==",
        "dependencies": {
          "Microsoft.Build.Tasks.Git": "11.0.100-preview.3.26207.106",
          "Microsoft.SourceLink.Common": "11.0.100-preview.3.26207.106",
          "System.IO.Hashing": "11.0.0-preview.3.26207.106"
        }
      },
      "Microsoft.Build.Tasks.Git": {
        "type": "Transitive",
        "resolved": "11.0.100-preview.3.26207.106",
        "contentHash": "NzuR1QNCHfro+w9GWVYJMdDMSEnPglS72aXtzSPtFUXP9yCoz4ggM4hzNNfVvzLGjXj4A7TnSHkT3bNA7NkaKg==",
        "dependencies": {
          "System.IO.Hashing": "11.0.0-preview.3.26207.106"
        }
      },
      "Microsoft.SourceLink.Common": {
        "type": "Transitive",
        "resolved": "11.0.100-preview.3.26207.106",
        "contentHash": "4dwDpSUb9YKZ6dSEj59qJtdP2K+R4ejFULEKNBL5OqqAGxkWAp/23kN485GfmdvJ3UaQq31T5v/rgTxVnOXycA=="
      },
      "System.Diagnostics.DiagnosticSource": {
        "type": "Transitive",
        "resolved": "11.0.0-preview.5.26302.115",
        "contentHash": "HlHyLbS1Rsh3zXfsLWiheGV6h+xTj9L9EPg7OhqO5w3LORLgiN7ffok2DuG/JInwdBwKKyiH6AIoBdkcq9B+pQ=="
      },
      "System.IO.Hashing": {
        "type": "Transitive",
        "resolved": "11.0.0-preview.3.26207.106",
        "contentHash": "SDNSzpfSLNZXetvp8vb3nP5PqeOx3FGrPoVSUAk+scC1ydsm0UNKCktZupwEN8PN1DNnWOTGdi4+3zGyf3kHAg=="
      },
      "agibuild.fulora.adapters.abstractions": {
        "type": "Project",
        "dependencies": {
          "Agibuild.Fulora.Core": "[1.6.7-local, )"
        }
      },
      "agibuild.fulora.core": {
        "type": "Project"
      },
      "Microsoft.Extensions.DependencyInjection.Abstractions": {
        "type": "CentralTransitive",
        "requested": "[11.0.0-preview.5.26302.115, )",
        "resolved": "11.0.0-preview.5.26302.115",
        "contentHash": "nzNGibeGTnKjg/jEiEzTIntkB/ZPIZ+Ibxt7x1hY6KGY75j3EY+Wxc5PmxcvJgoCQng62JiIJqlmthDlajdGUw=="
      }
    }
  }
}